
Microsoft Visual Studio Solution File, Format Version 12.00
# Visual Studio Version 17
VisualStudioVersion = 17.8.34511.84
MinimumVisualStudioVersion = 10.0.40219.1
Project("{FAE04EC0-301F-11D3-BF4B-00C04F79EFBC}") = "Snapshot2_6620301001", "Snapshot2_6620301001\Snapshot2_6620301001.csproj", "{EFD9C98F-CBE1-475D-8FDC-2B82870DF806}"
EndProject
Global
	GlobalSection(SolutionConfigurationPlatforms) = preSolution
		Debug|Any CPU = Debug|Any CPU
		Release|Any CPU = Release|Any CPU
	EndGlobalSection
	GlobalSection(ProjectConfigurationPlatforms) = postSolution
		{EFD9C98F-CBE1-475D-8FDC-2B82870DF806}.Debug|Any CPU.ActiveCfg = Debug|Any CPU
		{EFD9C98F-CBE1-475D-8FDC-2B82870DF806}.Debug|Any CPU.Build.0 = Debug|Any CPU
		{EFD9C98F-CBE1-475D-8FDC-2B82870DF806}.Release|Any CPU.ActiveCfg = Release|Any CPU
		{EFD9C98F-CBE1-475D-8FDC-2B82870DF806}.Release|Any CPU.Build.0 = Release|Any CPU
	EndGlobalSection
	GlobalSection(SolutionProperties) = preSolution
		HideSolutionNode = FALSE
	EndGlobalSection
	GlobalSection(ExtensibilityGlobals) = postSolution
		SolutionGuid = {4F00DC0E-BEA8-4358-9D09-E0DAEC5F9820}
	EndGlobalSection
EndGlobal
